
Microsoft Visual Studio Solution File, Format Version 12.00
# Visual Studio Version 16
VisualStudioVersion = 16.0.29728.190
MinimumVisualStudioVersion = 10.0.40219.1
Project("{FAE04EC0-301F-11D3-BF4B-00C04F79EFBC}") = "Workshop", "Workshop\Workshop.csproj", "{534FDA8D-E06A-4753-B178-B1D713CE4430}"
EndProject
Project("{FAE04EC0-301F-11D3-BF4B-00C04F79EFBC}") = "Controller", "Controller\Controller.csproj", "{7087D44D-D794-492F-92F1-99960599505C}"
EndProject
Project("{FAE04EC0-301F-11D3-BF4B-00C04F79EFBC}") = "SQLConnection", "SQLConnection\SQLConnection.csproj", "{B6C6B9E1-C195-471A-A04C-340037940587}"
EndProject
Global
	GlobalSection(SolutionConfigurationPlatforms) = preSolution
		Debug|Any CPU = Debug|Any CPU
		Release|Any CPU = Release|Any CPU
	EndGlobalSection
	GlobalSection(ProjectConfigurationPlatforms) = postSolution
		{534FDA8D-E06A-4753-B178-B1D713CE4430}.Debug|Any CPU.ActiveCfg = Debug|Any CPU
		{534FDA8D-E06A-4753-B178-B1D713CE4430}.Debug|Any CPU.Build.0 = Debug|Any CPU
		{534FDA8D-E06A-4753-B178-B1D713CE4430}.Release|Any CPU.ActiveCfg = Release|Any CPU
		{534FDA8D-E06A-4753-B178-B1D713CE4430}.Release|Any CPU.Build.0 = Release|Any CPU
		{7087D44D-D794-492F-92F1-99960599505C}.Debug|Any CPU.ActiveCfg = Debug|Any CPU
		{7087D44D-D794-492F-92F1-99960599505C}.Debug|Any CPU.Build.0 = Debug|Any CPU
		{7087D44D-D794-492F-92F1-99960599505C}.Release|Any CPU.ActiveCfg = Release|Any CPU
		{7087D44D-D794-492F-92F1-99960599505C}.Release|Any CPU.Build.0 = Release|Any CPU
		{B6C6B9E1-C195-471A-A04C-340037940587}.Debug|Any CPU.ActiveCfg = Debug|Any CPU
		{B6C6B9E1-C195-471A-A04C-340037940587}.Debug|Any CPU.Build.0 = Debug|Any CPU
		{B6C6B9E1-C195-471A-A04C-340037940587}.Release|Any CPU.ActiveCfg = Release|Any CPU
		{B6C6B9E1-C195-471A-A04C-340037940587}.Release|Any CPU.Build.0 = Release|Any CPU
	EndGlobalSection
	GlobalSection(SolutionProperties) = preSolution
		HideSolutionNode = FALSE
	EndGlobalSection
	GlobalSection(ExtensibilityGlobals) = postSolution
		SolutionGuid = {C98F2304-5698-4247-A60A-5A19B2C07C98}
	EndGlobalSection
EndGlobal
